<?xml version="1.0" encoding="utf-8"?>
<Project ToolsVersion="4.0" xmlns="http://schemas.microsoft.com/developer/msbuild/2003">
  <ItemGroup>
    <Filter Include="资源文件">
      <UniqueIdentifier>{67DA6AB6-F800-4c08-8B7A-83BB121AAD01}</UniqueIdentifier>
      <Extensions>rc;ico;cur;bmp;dlg;rc2;rct;bin;rgs;gif;jpg;jpeg;jpe;resx;tiff;tif;png;wav;mfcribbon-ms</Extensions>
    </Filter>
    <Filter Include="classes">
      <UniqueIdentifier>{93995380-89BD-4b04-88EB-625FBE52EBFB}</UniqueIdentifier>
      <Extensions>h;hpp;hxx;hm;inl;inc;xsd</Extensions>
    </Filter>
  </ItemGroup>
  <ItemGroup>
    <ClCompile Include="NetEngine.cpp">
      <Filter>classes</Filter>
    </ClCompile>
    <ClCompile Include="NetSocket.cpp">
      <Filter>classes</Filter>
    </ClCompile>
    <ClCompile Include="ThreadManager.cpp">
      <Filter>classes</Filter>
    </ClCompile>
    <ClCompile Include="ThreadObj.cpp">
      <Filter>classes</Filter>
    </ClCompile>
    <ClCompile Include="Sys.cpp">
      <Filter>classes</Filter>
    </ClCompile>
    <ClCompile Include="StreamBuffer.cpp">
      <Filter>classes</Filter>
    </ClCompile>
    <ClCompile Include="BitStream.cpp">
      <Filter>classes</Filter>
    </ClCompile>
    <ClCompile Include="ScriptEngine.cpp">
      <Filter>classes</Filter>
    </ClCompile>
    <ClCompile Include="ScriptInterface.cpp">
      <Filter>classes</Filter>
    </ClCompile>
    <ClCompile Include="Log.cpp">
      <Filter>classes</Filter>
    </ClCompile>
    <ClCompile Include="Packet.cpp">
      <Filter>classes</Filter>
    </ClCompile>
    <ClCompile Include="LuaHelper.cpp">
      <Filter>classes</Filter>
    </ClCompile>
  </ItemGroup>
  <ItemGroup>
    <ClInclude Include="VarList.h">
      <Filter>classes</Filter>
    </ClInclude>
    <ClInclude Include="Var.h">
      <Filter>classes</Filter>
    </ClInclude>
    <ClInclude Include="NetEngine.h">
      <Filter>classes</Filter>
    </ClInclude>
    <ClInclude Include="NetSocket.h">
      <Filter>classes</Filter>
    </ClInclude>
    <ClInclude Include="NetDef.h">
      <Filter>classes</Filter>
    </ClInclude>
    <ClInclude Include="ThreadManager.h">
      <Filter>classes</Filter>
    </ClInclude>
    <ClInclude Include="ThreadObj.h">
      <Filter>classes</Filter>
    </ClInclude>
    <ClInclude Include="Sys.h">
      <Filter>classes</Filter>
    </ClInclude>
    <ClInclude Include="StreamBuffer.h">
      <Filter>classes</Filter>
    </ClInclude>
    <ClInclude Include="BitStream.h">
      <Filter>classes</Filter>
    </ClInclude>
    <ClInclude Include="ScriptEngine.h">
      <Filter>classes</Filter>
    </ClInclude>
    <ClInclude Include="Log.h">
      <Filter>classes</Filter>
    </ClInclude>
    <ClInclude Include="Packet.h">
      <Filter>classes</Filter>
    </ClInclude>
    <ClInclude Include="LuaHelper.h">
      <Filter>classes</Filter>
    </ClInclude>
  </ItemGroup>
</Project>