
Microsoft Visual Studio Solution File, Format Version 12.00
# Visual Studio 2012
Project("{8BC9CEB8-8B4A-11D0-8D11-00A0C91BC942}") = "fixed", "fixed\fixed.vcxproj", "{85D95D55-1181-48FB-AE2F-56DE6623F91B}"
EndProject
Global
	GlobalSection(SolutionConfigurationPlatforms) = preSolution
		Debug|Win32 = Debug|Win32
		Release|Win32 = Release|Win32
	EndGlobalSection
	GlobalSection(ProjectConfigurationPlatforms) = postSolution
		{85D95D55-1181-48FB-AE2F-56DE6623F91B}.Debug|Win32.ActiveCfg = Debug|Win32
		{85D95D55-1181-48FB-AE2F-56DE6623F91B}.Debug|Win32.Build.0 = Debug|Win32
		{85D95D55-1181-48FB-AE2F-56DE6623F91B}.Release|Win32.ActiveCfg = Release|Win32
		{85D95D55-1181-48FB-AE2F-56DE6623F91B}.Release|Win32.Build.0 = Release|Win32
	EndGlobalSection
	GlobalSection(SolutionProperties) = preSolution
		HideSolutionNode = FALSE
	EndGlobalSection
EndGlobal
